// !$*UTF8*$!
{
	archiveVersion = 1;
	classes = {
	};
	objectVersion = 56;
	objects = {

/* Begin PBXBuildFile section */
		EE43EBBC2BD4EFFB00AD10AF /* FirebaseAuth in Frameworks */ = {isa = PBXBuildFile; productRef = EE43EBBB2BD4EFFB00AD10AF /* FirebaseAuth */; };
		EE43EBBE2BD4EFFB00AD10AF /* FirebaseDatabase in Frameworks */ = {isa = PBXBuildFile; productRef = EE43EBBD2BD4EFFB00AD10AF /* FirebaseDatabase */; };
		EE43EBC02BD4EFFB00AD10AF /* FirebaseFirestore in Frameworks */ = {isa = PBXBuildFile; productRef = EE43EBBF2BD4EFFB00AD10AF /* FirebaseFirestore */; };
		EEA320D32BCFA9B7000F929A /* Macro_rahafApp.swift in Sources */ = {isa = PBXBuildFile; fileRef = EEA320D22BCFA9B7000F929A /* Macro_rahafApp.swift */; };
		EEA320D52BCFA9B7000F929A /* ContentView.swift in Sources */ = {isa = PBXBuildFile; fileRef = EEA320D42BCFA9B7000F929A /* ContentView.swift */; };
		EEA320D72BCFA9B8000F929A /* Assets.xcassets in Resources */ = {isa = PBXBuildFile; fileRef = EEA320D62BCFA9B8000F929A /* Assets.xcassets */; };
		EEA320DA2BCFA9B8000F929A /* Preview Assets.xcassets in Resources */ = {isa = PBXBuildFile; fileRef = EEA320D92BCFA9B8000F929A /* Preview Assets.xcassets */; };
		EEA320E82BCFADA1000F929A /* LogingView.swift in Sources */ = {isa = PBXBuildFile; fileRef = EEA320E72BCFADA1000F929A /* LogingView.swift */; };
		EEA320EA2BCFAEE1000F929A /* InputView.swift in Sources */ = {isa = PBXBuildFile; fileRef = EEA320E92BCFAEE1000F929A /* InputView.swift */; };
		EEA320EC2BCFB883000F929A /* RegistrationView.swift in Sources */ = {isa = PBXBuildFile; fileRef = EEA320EB2BCFB883000F929A /* RegistrationView.swift */; };
		EEA320F02BD0F53C000F929A /* ProfileView.swift in Sources */ = {isa = PBXBuildFile; fileRef = EEA320EF2BD0F53C000F929A /* ProfileView.swift */; };
		EEA320F22BD0FDB4000F929A /* SettingRowView.swift in Sources */ = {isa = PBXBuildFile; fileRef = EEA320F12BD0FDB3000F929A /* SettingRowView.swift */; };
		EEA320F42BD102D1000F929A /* User.swift in Sources */ = {isa = PBXBuildFile; fileRef = EEA320F32BD102D1000F929A /* User.swift */; };
		EEA320F62BD111B7000F929A /* GoogleService-Info.plist in Resources */ = {isa = PBXBuildFile; fileRef = EEA320F52BD111B7000F929A /* GoogleService-Info.plist */; };
		EEA321032BD11C5A000F929A /* FirebaseHelper.swift in Sources */ = {isa = PBXBuildFile; fileRef = EEA321022BD11C5A000F929A /* FirebaseHelper.swift */; };
		EEA321072BD3CC43000F929A /* AuthViewModel.swift in Sources */ = {isa = PBXBuildFile; fileRef = EEA321062BD3CC43000F929A /* AuthViewModel.swift */; };
		EEDF5ACD2BD7938800519098 /* FirebaseAuth in Frameworks */ = {isa = PBXBuildFile; productRef = EEDF5ACC2BD7938800519098 /* FirebaseAuth */; };
		EEDF5AD02BD7954000519098 /* FirebaseAnalytics in Frameworks */ = {isa = PBXBuildFile; productRef = EEDF5ACF2BD7954000519098 /* FirebaseAnalytics */; };
		EEDF5AD22BD7954000519098 /* FirebaseAnalyticsOnDeviceConversion in Frameworks */ = {isa = PBXBuildFile; productRef = EEDF5AD12BD7954000519098 /* FirebaseAnalyticsOnDeviceConversion */; };
		EEDF5AD42BD7954000519098 /* FirebaseAnalyticsSwift in Frameworks */ = {isa = PBXBuildFile; productRef = EEDF5AD32BD7954000519098 /* FirebaseAnalyticsSwift */; };
		EEDF5AD62BD7954000519098 /* FirebaseAppCheck in Frameworks */ = {isa = PBXBuildFile; productRef = EEDF5AD52BD7954000519098 /* FirebaseAppCheck */; };
		EEDF5AD82BD7954000519098 /* FirebaseAuth in Frameworks */ = {isa = PBXBuildFile; productRef = EEDF5AD72BD7954000519098 /* FirebaseAuth */; };
		EEDF5ADA2BD7954000519098 /* FirebaseDatabase in Frameworks */ = {isa = PBXBuildFile; productRef = EEDF5AD92BD7954000519098 /* FirebaseDatabase */; };
		EEDF5ADC2BD7954000519098 /* FirebaseFirestore in Frameworks */ = {isa = PBXBuildFile; productRef = EEDF5ADB2BD7954000519098 /* FirebaseFirestore */; };
		EEDF5ADE2BD7954000519098 /* FirebaseFirestoreSwift in Frameworks */ = {isa = PBXBuildFile; productRef = EEDF5ADD2BD7954000519098 /* FirebaseFirestoreSwift */; };
		EEDF5AE02BD7954000519098 /* FirebaseStorage in Frameworks */ = {isa = PBXBuildFile; productRef = EEDF5ADF2BD7954000519098 /* FirebaseStorage */; };
/* End PBXBuildFile section */

/* Begin PBXFileReference section */
		EEA320CF2BCFA9B7000F929A /* Macro-rahaf.app */ = {isa = PBXFileReference; explicitFileType = wrapper.application; includeInIndex = 0; path = "Macro-rahaf.app"; sourceTree = BUILT_PRODUCTS_DIR; };
		EEA320D22BCFA9B7000F929A /* Macro_rahafApp.swift */ = {isa = PBXFileReference; lastKnownFileType = sourcecode.swift; path = Macro_rahafApp.swift; sourceTree = "<group>"; };
		EEA320D42BCFA9B7000F929A /* ContentView.swift */ = {isa = PBXFileReference; lastKnownFileType = sourcecode.swift; path = ContentView.swift; sourceTree = "<group>"; };
		EEA320D62BCFA9B8000F929A /* Assets.xcassets */ = {isa = PBXFileReference; lastKnownFileType = folder.assetcatalog; path = Assets.xcassets; sourceTree = "<group>"; };
		EEA320D92BCFA9B8000F929A /* Preview Assets.xcassets */ = {isa = PBXFileReference; lastKnownFileType = folder.assetcatalog; path = "Preview Assets.xcassets"; sourceTree = "<group>"; };
		EEA320E72BCFADA1000F929A /* LogingView.swift */ = {isa = PBXFileReference; lastKnownFileType = sourcecode.swift; path = LogingView.swift; sourceTree = "<group>"; };
		EEA320E92BCFAEE1000F929A /* InputView.swift */ = {isa = PBXFileReference; lastKnownFileType = sourcecode.swift; path = InputView.swift; sourceTree = "<group>"; };
		EEA320EB2BCFB883000F929A /* RegistrationView.swift */ = {isa = PBXFileReference; lastKnownFileType = sourcecode.swift; path = RegistrationView.swift; sourceTree = "<group>"; };
		EEA320EF2BD0F53C000F929A /* ProfileView.swift */ = {isa = PBXFileReference; lastKnownFileType = sourcecode.swift; path = ProfileView.swift; sourceTree = "<group>"; };
		EEA320F12BD0FDB3000F929A /* SettingRowView.swift */ = {isa = PBXFileReference; lastKnownFileType = sourcecode.swift; path = SettingRowView.swift; sourceTree = "<group>"; };
		EEA320F32BD102D1000F929A /* User.swift */ = {isa = PBXFileReference; lastKnownFileType = sourcecode.swift; path = User.swift; sourceTree = "<group>"; };
		EEA320F52BD111B7000F929A /* GoogleService-Info.plist */ = {isa = PBXFileReference; fileEncoding = 4; lastKnownFileType = text.plist.xml; path = "GoogleService-Info.plist"; sourceTree = "<group>"; };
		EEA321022BD11C5A000F929A /* FirebaseHelper.swift */ = {isa = PBXFileReference; lastKnownFileType = sourcecode.swift; path = FirebaseHelper.swift; sourceTree = "<group>"; };
		EEA321062BD3CC43000F929A /* AuthViewModel.swift */ = {isa = PBXFileReference; lastKnownFileType = sourcecode.swift; path = AuthViewModel.swift; sourceTree = "<group>"; };
/* End PBXFileReference section */

/* Begin PBXFrameworksBuildPhase section */
		EEA320CC2BCFA9B7000F929A /* Frameworks */ = {
			isa = PBXFrameworksBuildPhase;
			buildActionMask = 2147483647;
			files = (
				EEDF5ADA2BD7954000519098 /* FirebaseDatabase in Frameworks */,
				EEDF5AD62BD7954000519098 /* FirebaseAppCheck in Frameworks */,
				EE43EBBC2BD4EFFB00AD10AF /* FirebaseAuth in Frameworks */,
				EEDF5AD22BD7954000519098 /* FirebaseAnalyticsOnDeviceConversion in Frameworks */,
				EEDF5ACD2BD7938800519098 /* FirebaseAuth in Frameworks */,
				EEDF5AD82BD7954000519098 /* FirebaseAuth in Frameworks */,
				EE43EBC02BD4EFFB00AD10AF /* FirebaseFirestore in Frameworks */,
				EEDF5AD42BD7954000519098 /* FirebaseAnalyticsSwift in Frameworks */,
				EEDF5AE02BD7954000519098 /* FirebaseStorage in Frameworks */,
				EEDF5AD02BD7954000519098 /* FirebaseAnalytics in Frameworks */,
				EEDF5ADC2BD7954000519098 /* FirebaseFirestore in Frameworks */,
				EE43EBBE2BD4EFFB00AD10AF /* FirebaseDatabase in Frameworks */,
				EEDF5ADE2BD7954000519098 /* FirebaseFirestoreSwift in Frameworks */,
			);
			runOnlyForDeploymentPostprocessing = 0;
		};
/* End PBXFrameworksBuildPhase section */

/* Begin PBXGroup section */
		EEA320C62BCFA9B7000F929A = {
			isa = PBXGroup;
			children = (
				EEA320F52BD111B7000F929A /* GoogleService-Info.plist */,
				EEA320D12BCFA9B7000F929A /* Macro-rahaf */,
				EEA320D02BCFA9B7000F929A /* Products */,
			);
			sourceTree = "<group>";
		};
		EEA320D02BCFA9B7000F929A /* Products */ = {
			isa = PBXGroup;
			children = (
				EEA320CF2BCFA9B7000F929A /* Macro-rahaf.app */,
			);
			name = Products;
			sourceTree = "<group>";
		};
		EEA320D12BCFA9B7000F929A /* Macro-rahaf */ = {
			isa = PBXGroup;
			children = (
				EEA320E32BCFAC9D000F929A /* Componets */,
				EEA320E22BCFAC8D000F929A /* Model */,
				EEA320E12BCFAC84000F929A /* Core */,
				EEA320E02BCFAC76000F929A /* App */,
				EEA320D62BCFA9B8000F929A /* Assets.xcassets */,
				EEA320D82BCFA9B8000F929A /* Preview Content */,
			);
			path = "Macro-rahaf";
			sourceTree = "<group>";
		};
		EEA320D82BCFA9B8000F929A /* Preview Content */ = {
			isa = PBXGroup;
			children = (
				EEA320D92BCFA9B8000F929A /* Preview Assets.xcassets */,
				EEA321022BD11C5A000F929A /* FirebaseHelper.swift */,
			);
			path = "Preview Content";
			sourceTree = "<group>";
		};
		EEA320E02BCFAC76000F929A /* App */ = {
			isa = PBXGroup;
			children = (
				EEA320D22BCFA9B7000F929A /* Macro_rahafApp.swift */,
			);
			path = App;
			sourceTree = "<group>";
		};
		EEA320E12BCFAC84000F929A /* Core */ = {
			isa = PBXGroup;
			children = (
				EEA320E62BCFAD28000F929A /* Authentication */,
				EEA320E52BCFAD1B000F929A /* Profile */,
				EEA320E42BCFACF9000F929A /* Root */,
			);
			path = Core;
			sourceTree = "<group>";
		};
		EEA320E22BCFAC8D000F929A /* Model */ = {
			isa = PBXGroup;
			children = (
				EEA320F32BD102D1000F929A /* User.swift */,
			);
			path = Model;
			sourceTree = "<group>";
		};
		EEA320E32BCFAC9D000F929A /* Componets */ = {
			isa = PBXGroup;
			children = (
				EEA320E92BCFAEE1000F929A /* InputView.swift */,
				EEA320F12BD0FDB3000F929A /* SettingRowView.swift */,
			);
			path = Componets;
			sourceTree = "<group>";
		};
		EEA320E42BCFACF9000F929A /* Root */ = {
			isa = PBXGroup;
			children = (
				EEA320D42BCFA9B7000F929A /* ContentView.swift */,
			);
			path = Root;
			sourceTree = "<group>";
		};
		EEA320E52BCFAD1B000F929A /* Profile */ = {
			isa = PBXGroup;
			children = (
				EEA320EF2BD0F53C000F929A /* ProfileView.swift */,
			);
			path = Profile;
			sourceTree = "<group>";
		};
		EEA320E62BCFAD28000F929A /* Authentication */ = {
			isa = PBXGroup;
			children = (
				EEA321052BD3CC24000F929A /* ViewModel */,
				EEA321042BD3CBE3000F929A /* View */,
			);
			path = Authentication;
			sourceTree = "<group>";
		};
		EEA321042BD3CBE3000F929A /* View */ = {
			isa = PBXGroup;
			children = (
				EEA320E72BCFADA1000F929A /* LogingView.swift */,
				EEA320EB2BCFB883000F929A /* RegistrationView.swift */,
			);
			path = View;
			sourceTree = "<group>";
		};
		EEA321052BD3CC24000F929A /* ViewModel */ = {
			isa = PBXGroup;
			children = (
				EEA321062BD3CC43000F929A /* AuthViewModel.swift */,
			);
			path = ViewModel;
			sourceTree = "<group>";
		};
/* End PBXGroup section */

/* Begin PBXNativeTarget section */
		EEA320CE2BCFA9B7000F929A /* Macro-rahaf */ = {
			isa = PBXNativeTarget;
			buildConfigurationList = EEA320DD2BCFA9B8000F929A /* Build configuration list for PBXNativeTarget "Macro-rahaf" */;
			buildPhases = (
				EEA320CB2BCFA9B7000F929A /* Sources */,
				EEA320CC2BCFA9B7000F929A /* Frameworks */,
				EEA320CD2BCFA9B7000F929A /* Resources */,
			);
			buildRules = (
			);
			dependencies = (
			);
			name = "Macro-rahaf";
			packageProductDependencies = (
				EE43EBBB2BD4EFFB00AD10AF /* FirebaseAuth */,
				EE43EBBD2BD4EFFB00AD10AF /* FirebaseDatabase */,
				EE43EBBF2BD4EFFB00AD10AF /* FirebaseFirestore */,
				EEDF5ACC2BD7938800519098 /* FirebaseAuth */,
				EEDF5ACF2BD7954000519098 /* FirebaseAnalytics */,
				EEDF5AD12BD7954000519098 /* FirebaseAnalyticsOnDeviceConversion */,
				EEDF5AD32BD7954000519098 /* FirebaseAnalyticsSwift */,
				EEDF5AD52BD7954000519098 /* FirebaseAppCheck */,
				EEDF5AD72BD7954000519098 /* FirebaseAuth */,
				EEDF5AD92BD7954000519098 /* FirebaseDatabase */,
				EEDF5ADB2BD7954000519098 /* FirebaseFirestore */,
				EEDF5ADD2BD7954000519098 /* FirebaseFirestoreSwift */,
				EEDF5ADF2BD7954000519098 /* FirebaseStorage */,
			);
			productName = "Macro-rahaf";
			productReference = EEA320CF2BCFA9B7000F929A /* Macro-rahaf.app */;
			productType = "com.apple.product-type.application";
		};
/* End PBXNativeTarget section */

/* Begin PBXProject section */
		EEA320C72BCFA9B7000F929A /* Project object */ = {
			isa = PBXProject;
			attributes = {
				BuildIndependentTargetsInParallel = 1;
				LastSwiftUpdateCheck = 1520;
				LastUpgradeCheck = 1520;
				TargetAttributes = {
					EEA320CE2BCFA9B7000F929A = {
						CreatedOnToolsVersion = 15.2;
					};
				};
			};
			buildConfigurationList = EEA320CA2BCFA9B7000F929A /* Build configuration list for PBXProject "Macro-rahaf" */;
			compatibilityVersion = "Xcode 14.0";
			developmentRegion = en;
			hasScannedForEncodings = 0;
			knownRegions = (
				en,
				Base,
			);
			mainGroup = EEA320C62BCFA9B7000F929A;
			packageReferences = (
				EEDF5ACE2BD7954000519098 /* XCRemoteSwiftPackageReference "firebase-ios-sdk" */,
			);
			productRefGroup = EEA320D02BCFA9B7000F929A /* Products */;
			projectDirPath = "";
			projectRoot = "";
			targets = (
				EEA320CE2BCFA9B7000F929A /* Macro-rahaf */,
			);
		};
/* End PBXProject section */

/* Begin PBXResourcesBuildPhase section */
		EEA320CD2BCFA9B7000F929A /* Resources */ = {
			isa = PBXResourcesBuildPhase;
			buildActionMask = 2147483647;
			files = (
				EEA320DA2BCFA9B8000F929A /* Preview Assets.xcassets in Resources */,
				EEA320D72BCFA9B8000F929A /* Assets.xcassets in Resources */,
				EEA320F62BD111B7000F929A /* GoogleService-Info.plist in Resources */,
			);
			runOnlyForDeploymentPostprocessing = 0;
		};
/* End PBXResourcesBuildPhase section */

/* Begin PBXSourcesBuildPhase section */
		EEA320CB2BCFA9B7000F929A /* Sources */ = {
			isa = PBXSourcesBuildPhase;
			buildActionMask = 2147483647;
			files = (
				EEA321072BD3CC43000F929A /* AuthViewModel.swift in Sources */,
				EEA320D52BCFA9B7000F929A /* ContentView.swift in Sources */,
				EEA320EA2BCFAEE1000F929A /* InputView.swift in Sources */,
				EEA320F22BD0FDB4000F929A /* SettingRowView.swift in Sources */,
				EEA320D32BCFA9B7000F929A /* Macro_rahafApp.swift in Sources */,
				EEA321032BD11C5A000F929A /* FirebaseHelper.swift in Sources */,
				EEA320F42BD102D1000F929A /* User.swift in Sources */,
				EEA320E82BCFADA1000F929A /* LogingView.swift in Sources */,
				EEA320F02BD0F53C000F929A /* ProfileView.swift in Sources */,
				EEA320EC2BCFB883000F929A /* RegistrationView.swift in Sources */,
			);
			runOnlyForDeploymentPostprocessing = 0;
		};
/* End PBXSourcesBuildPhase section */

/* Begin XCBuildConfiguration section */
		EEA320DB2BCFA9B8000F929A /* Debug */ = {
			isa = XCBuildConfiguration;
			buildSettings = {
				ALWAYS_SEARCH_USER_PATHS = NO;
				ASSETCATALOG_COMPILER_GENERATE_SWIFT_ASSET_SYMBOL_EXTENSIONS = YES;
				CLANG_ANALYZER_NONNULL = YES;
				CLANG_ANALYZER_NUMBER_OBJECT_CONVERSION = YES_AGGRESSIVE;
				CLANG_CXX_LANGUAGE_STANDARD = "gnu++20";
				CLANG_ENABLE_MODULES = YES;
				CLANG_ENABLE_OBJC_ARC = YES;
				CLANG_ENABLE_OBJC_WEAK = YES;
				CLANG_WARN_BLOCK_CAPTURE_AUTORELEASING = YES;
				CLANG_WARN_BOOL_CONVERSION = YES;
				CLANG_WARN_COMMA = YES;
				CLANG_WARN_CONSTANT_CONVERSION = YES;
				CLANG_WARN_DEPRECATED_OBJC_IMPLEMENTATIONS = YES;
				CLANG_WARN_DIRECT_OBJC_ISA_USAGE = YES_ERROR;
				CLANG_WARN_DOCUMENTATION_COMMENTS = YES;
				CLANG_WARN_EMPTY_BODY = YES;
				CLANG_WARN_ENUM_CONVERSION = YES;
				CLANG_WARN_INFINITE_RECURSION = YES;
				CLANG_WARN_INT_CONVERSION = YES;
				CLANG_WARN_NON_LITERAL_NULL_CONVERSION = YES;
				CLANG_WARN_OBJC_IMPLICIT_RETAIN_SELF = YES;
				CLANG_WARN_OBJC_LITERAL_CONVERSION = YES;
				CLANG_WARN_OBJC_ROOT_CLASS = YES_ERROR;
				CLANG_WARN_QUOTED_INCLUDE_IN_FRAMEWORK_HEADER = YES;
				CLANG_WARN_RANGE_LOOP_ANALYSIS = YES;
				CLANG_WARN_STRICT_PROTOTYPES = YES;
				CLANG_WARN_SUSPICIOUS_MOVE = YES;
				CLANG_WARN_UNGUARDED_AVAILABILITY = YES_AGGRESSIVE;
				CLANG_WARN_UNREACHABLE_CODE = YES;
				CLANG_WARN__DUPLICATE_METHOD_MATCH = YES;
				COPY_PHASE_STRIP = NO;
				DEBUG_INFORMATION_FORMAT = dwarf;
				ENABLE_STRICT_OBJC_MSGSEND = YES;
				ENABLE_TESTABILITY = YES;
				ENABLE_USER_SCRIPT_SANDBOXING = YES;
				GCC_C_LANGUAGE_STANDARD = gnu17;
				GCC_DYNAMIC_NO_PIC = NO;
				GCC_NO_COMMON_BLOCKS = YES;
				GCC_OPTIMIZATION_LEVEL = 0;
				GCC_PREPROCESSOR_DEFINITIONS = (
					"DEBUG=1",
					"$(inherited)",
				);
				GCC_WARN_64_TO_32_BIT_CONVERSION = YES;
				GCC_WARN_ABOUT_RETURN_TYPE = YES_ERROR;
				GCC_WARN_UNDECLARED_SELECTOR = YES;
				GCC_WARN_UNINITIALIZED_AUTOS = YES_AGGRESSIVE;
				GCC_WARN_UNUSED_FUNCTION = YES;
				GCC_WARN_UNUSED_VARIABLE = YES;
				IPHONEOS_DEPLOYMENT_TARGET = 17.2;
				LOCALIZATION_PREFERS_STRING_CATALOGS = YES;
				MTL_ENABLE_DEBUG_INFO = INCLUDE_SOURCE;
				MTL_FAST_MATH = YES;
				ONLY_ACTIVE_ARCH = YES;
				SDKROOT = iphoneos;
				SWIFT_ACTIVE_COMPILATION_CONDITIONS = "DEBUG $(inherited)";
				SWIFT_OPTIMIZATION_LEVEL = "-Onone";
			};
			name = Debug;
		};
		EEA320DC2BCFA9B8000F929A /* Release */ = {
			isa = XCBuildConfiguration;
			buildSettings = {
				ALWAYS_SEARCH_USER_PATHS = NO;
				ASSETCATALOG_COMPILER_GENERATE_SWIFT_ASSET_SYMBOL_EXTENSIONS = YES;
				CLANG_ANALYZER_NONNULL = YES;
				CLANG_ANALYZER_NUMBER_OBJECT_CONVERSION = YES_AGGRESSIVE;
				CLANG_CXX_LANGUAGE_STANDARD = "gnu++20";
				CLANG_ENABLE_MODULES = YES;
				CLANG_ENABLE_OBJC_ARC = YES;
				CLANG_ENABLE_OBJC_WEAK = YES;
				CLANG_WARN_BLOCK_CAPTURE_AUTORELEASING = YES;
				CLANG_WARN_BOOL_CONVERSION = YES;
				CLANG_WARN_COMMA = YES;
				CLANG_WARN_CONSTANT_CONVERSION = YES;
				CLANG_WARN_DEPRECATED_OBJC_IMPLEMENTATIONS = YES;
				CLANG_WARN_DIRECT_OBJC_ISA_USAGE = YES_ERROR;
				CLANG_WARN_DOCUMENTATION_COMMENTS = YES;
				CLANG_WARN_EMPTY_BODY = YES;
				CLANG_WARN_ENUM_CONVERSION = YES;
				CLANG_WARN_INFINITE_RECURSION = YES;
				CLANG_WARN_INT_CONVERSION = YES;
				CLANG_WARN_NON_LITERAL_NULL_CONVERSION = YES;
				CLANG_WARN_OBJC_IMPLICIT_RETAIN_SELF = YES;
				CLANG_WARN_OBJC_LITERAL_CONVERSION = YES;
				CLANG_WARN_OBJC_ROOT_CLASS = YES_ERROR;
				CLANG_WARN_QUOTED_INCLUDE_IN_FRAMEWORK_HEADER = YES;
				CLANG_WARN_RANGE_LOOP_ANALYSIS = YES;
				CLANG_WARN_STRICT_PROTOTYPES = YES;
				CLANG_WARN_SUSPICIOUS_MOVE = YES;
				CLANG_WARN_UNGUARDED_AVAILABILITY = YES_AGGRESSIVE;
				CLANG_WARN_UNREACHABLE_CODE = YES;
				CLANG_WARN__DUPLICATE_METHOD_MATCH = YES;
				COPY_PHASE_STRIP = NO;
				DEBUG_INFORMATION_FORMAT = "dwarf-with-dsym";
				ENABLE_NS_ASSERTIONS = NO;
				ENABLE_STRICT_OBJC_MSGSEND = YES;
				ENABLE_USER_SCRIPT_SANDBOXING = YES;
				GCC_C_LANGUAGE_STANDARD = gnu17;
				GCC_NO_COMMON_BLOCKS = YES;
				GCC_WARN_64_TO_32_BIT_CONVERSION = YES;
				GCC_WARN_ABOUT_RETURN_TYPE = YES_ERROR;
				GCC_WARN_UNDECLARED_SELECTOR = YES;
				GCC_WARN_UNINITIALIZED_AUTOS = YES_AGGRESSIVE;
				GCC_WARN_UNUSED_FUNCTION = YES;
				GCC_WARN_UNUSED_VARIABLE = YES;
				IPHONEOS_DEPLOYMENT_TARGET = 17.2;
				LOCALIZATION_PREFERS_STRING_CATALOGS = YES;
				MTL_ENABLE_DEBUG_INFO = NO;
				MTL_FAST_MATH = YES;
				SDKROOT = iphoneos;
				SWIFT_COMPILATION_MODE = wholemodule;
				VALIDATE_PRODUCT = YES;
			};
			name = Release;
		};
		EEA320DE2BCFA9B8000F929A /* Debug */ = {
			isa = XCBuildConfiguration;
			buildSettings = {
				ASSETCATALOG_COMPILER_APPICON_NAME = AppIcon;
				ASSETCATALOG_COMPILER_GLOBAL_ACCENT_COLOR_NAME = AccentColor;
				CODE_SIGN_STYLE = Automatic;
				CURRENT_PROJECT_VERSION = 1;
				DEVELOPMENT_ASSET_PATHS = "\"Macro-rahaf/Preview Content\"";
				ENABLE_PREVIEWS = YES;
				GENERATE_INFOPLIST_FILE = YES;
				INFOPLIST_KEY_UIApplicationSceneManifest_Generation = YES;
				INFOPLIST_KEY_UIApplicationSupportsIndirectInputEvents = YES;
				INFOPLIST_KEY_UILaunchScreen_Generation = YES;
				INFOPLIST_KEY_UISupportedInterfaceOrientations_iPad = "UIInterfaceOrientationPortrait UIInterfaceOrientationPortraitUpsideDown UIInterfaceOrientationLandscapeLeft UIInterfaceOrientationLandscapeRight";
				INFOPLIST_KEY_UISupportedInterfaceOrientations_iPhone = "UIInterfaceOrientationPortrait UIInterfaceOrientationLandscapeLeft UIInterfaceOrientationLandscapeRight";
				LD_RUNPATH_SEARCH_PATHS = (
					"$(inherited)",
					"@executable_path/Frameworks",
				);
				MARKETING_VERSION = 1.0;
				PRODUCT_BUNDLE_IDENTIFIER = "R.Macro-rahaf";
				PRODUCT_NAME = "$(TARGET_NAME)";
				SWIFT_EMIT_LOC_STRINGS = YES;
				SWIFT_VERSION = 5.0;
				TARGETED_DEVICE_FAMILY = "1,2";
			};
			name = Debug;
		};
		EEA320DF2BCFA9B8000F929A /* Release */ = {
			isa = XCBuildConfiguration;
			buildSettings = {
				ASSETCATALOG_COMPILER_APPICON_NAME = AppIcon;
				ASSETCATALOG_COMPILER_GLOBAL_ACCENT_COLOR_NAME = AccentColor;
				CODE_SIGN_STYLE = Automatic;
				CURRENT_PROJECT_VERSION = 1;
				DEVELOPMENT_ASSET_PATHS = "\"Macro-rahaf/Preview Content\"";
				ENABLE_PREVIEWS = YES;
				GENERATE_INFOPLIST_FILE = YES;
				INFOPLIST_KEY_UIApplicationSceneManifest_Generation = YES;
				INFOPLIST_KEY_UIApplicationSupportsIndirectInputEvents = YES;
				INFOPLIST_KEY_UILaunchScreen_Generation = YES;
				INFOPLIST_KEY_UISupportedInterfaceOrientations_iPad = "UIInterfaceOrientationPortrait UIInterfaceOrientationPortraitUpsideDown UIInterfaceOrientationLandscapeLeft UIInterfaceOrientationLandscapeRight";
				INFOPLIST_KEY_UISupportedInterfaceOrientations_iPhone = "UIInterfaceOrientationPortrait UIInterfaceOrientationLandscapeLeft UIInterfaceOrientationLandscapeRight";
				LD_RUNPATH_SEARCH_PATHS = (
					"$(inherited)",
					"@executable_path/Frameworks",
				);
				MARKETING_VERSION = 1.0;
				PRODUCT_BUNDLE_IDENTIFIER = "R.Macro-rahaf";
				PRODUCT_NAME = "$(TARGET_NAME)";
				SWIFT_EMIT_LOC_STRINGS = YES;
				SWIFT_VERSION = 5.0;
				TARGETED_DEVICE_FAMILY = "1,2";
			};
			name = Release;
		};
/* End XCBuildConfiguration section */

/* Begin XCConfigurationList section */
		EEA320CA2BCFA9B7000F929A /* Build configuration list for PBXProject "Macro-rahaf" */ = {
			isa = XCConfigurationList;
			buildConfigurations = (
				EEA320DB2BCFA9B8000F929A /* Debug */,
				EEA320DC2BCFA9B8000F929A /* Release */,
			);
			defaultConfigurationIsVisible = 0;
			defaultConfigurationName = Release;
		};
		EEA320DD2BCFA9B8000F929A /* Build configuration list for PBXNativeTarget "Macro-rahaf" */ = {
			isa = XCConfigurationList;
			buildConfigurations = (
				EEA320DE2BCFA9B8000F929A /* Debug */,
				EEA320DF2BCFA9B8000F929A /* Release */,
			);
			defaultConfigurationIsVisible = 0;
			defaultConfigurationName = Release;
		};
/* End XCConfigurationList section */

/* Begin XCRemoteSwiftPackageReference section */
		EEDF5ACE2BD7954000519098 /* XCRemoteSwiftPackageReference "firebase-ios-sdk" */ = {
			isa = XCRemoteSwiftPackageReference;
			repositoryURL = "https://github.com/firebase/firebase-ios-sdk.git";
			requirement = {
				kind = versionRange;
				maximumVersion = 10.25.0;
				minimumVersion = 10.24.0;
			};
		};
/* End XCRemoteSwiftPackageReference section */

/* Begin XCSwiftPackageProductDependency section */
		EE43EBBB2BD4EFFB00AD10AF /* FirebaseAuth */ = {
			isa = XCSwiftPackageProductDependency;
			productName = FirebaseAuth;
		};
		EE43EBBD2BD4EFFB00AD10AF /* FirebaseDatabase */ = {
			isa = XCSwiftPackageProductDependency;
			productName = FirebaseDatabase;
		};
		EE43EBBF2BD4EFFB00AD10AF /* FirebaseFirestore */ = {
			isa = XCSwiftPackageProductDependency;
			productName = FirebaseFirestore;
		};
		EEDF5ACC2BD7938800519098 /* FirebaseAuth */ = {
			isa = XCSwiftPackageProductDependency;
			productName = FirebaseAuth;
		};
		EEDF5ACF2BD7954000519098 /* FirebaseAnalytics */ = {
			isa = XCSwiftPackageProductDependency;
			package = EEDF5ACE2BD7954000519098 /* XCRemoteSwiftPackageReference "firebase-ios-sdk" */;
			productName = FirebaseAnalytics;
		};
		EEDF5AD12BD7954000519098 /* FirebaseAnalyticsOnDeviceConversion */ = {
			isa = XCSwiftPackageProductDependency;
			package = EEDF5ACE2BD7954000519098 /* XCRemoteSwiftPackageReference "firebase-ios-sdk" */;
			productName = FirebaseAnalyticsOnDeviceConversion;
		};
		EEDF5AD32BD7954000519098 /* FirebaseAnalyticsSwift */ = {
			isa = XCSwiftPackageProductDependency;
			package = EEDF5ACE2BD7954000519098 /* XCRemoteSwiftPackageReference "firebase-ios-sdk" */;
			productName = FirebaseAnalyticsSwift;
		};
		EEDF5AD52BD7954000519098 /* FirebaseAppCheck */ = {
			isa = XCSwiftPackageProductDependency;
			package = EEDF5ACE2BD7954000519098 /* XCRemoteSwiftPackageReference "firebase-ios-sdk" */;
			productName = FirebaseAppCheck;
		};
		EEDF5AD72BD7954000519098 /* FirebaseAuth */ = {
			isa = XCSwiftPackageProductDependency;
			package = EEDF5ACE2BD7954000519098 /* XCRemoteSwiftPackageReference "firebase-ios-sdk" */;
			productName = FirebaseAuth;
		};
		EEDF5AD92BD7954000519098 /* FirebaseDatabase */ = {
			isa = XCSwiftPackageProductDependency;
			package = EEDF5ACE2BD7954000519098 /* XCRemoteSwiftPackageReference "firebase-ios-sdk" */;
			productName = FirebaseDatabase;
		};
		EEDF5ADB2BD7954000519098 /* FirebaseFirestore */ = {
			isa = XCSwiftPackageProductDependency;
			package = EEDF5ACE2BD7954000519098 /* XCRemoteSwiftPackageReference "firebase-ios-sdk" */;
			productName = FirebaseFirestore;
		};
		EEDF5ADD2BD7954000519098 /* FirebaseFirestoreSwift */ = {
			isa = XCSwiftPackageProductDependency;
			package = EEDF5ACE2BD7954000519098 /* XCRemoteSwiftPackageReference "firebase-ios-sdk" */;
			productName = FirebaseFirestoreSwift;
		};
		EEDF5ADF2BD7954000519098 /* FirebaseStorage */ = {
			isa = XCSwiftPackageProductDependency;
			package = EEDF5ACE2BD7954000519098 /* XCRemoteSwiftPackageReference "firebase-ios-sdk" */;
			productName = FirebaseStorage;
		};
/* End XCSwiftPackageProductDependency section */
	};
	rootObject = EEA320C72BCFA9B7000F929A /* Project object */;
}
